
Microsoft Visual Studio Solution File, Format Version 12.00
# Visual Studio Version 17
VisualStudioVersion = 17.9.34723.18
MinimumVisualStudioVersion = 10.0.40219.1
Project("{8BC9CEB8-8B4A-11D0-8D11-00A0C91BC942}") = "Project1", "Project1\Project1.vcxproj", "{0563F518-11F1-424F-B7C9-DBE6CBB2281D}"
EndProject
Global
	GlobalSection(SolutionConfigurationPlatforms) = preSolution
		Debug|x64 = Debug|x64
		Debug|x86 = Debug|x86
		Release|x64 = Release|x64
		Release|x86 = Release|x86
	EndGlobalSection
	GlobalSection(ProjectConfigurationPlatforms) = postSolution
		{0563F518-11F1-424F-B7C9-DBE6CBB2281D}.Debug|x64.ActiveCfg = Debug|x64
		{0563F518-11F1-424F-B7C9-DBE6CBB2281D}.Debug|x64.Build.0 = Debug|x64
		{0563F518-11F1-424F-B7C9-DBE6CBB2281D}.Debug|x86.ActiveCfg = Debug|Win32
		{0563F518-11F1-424F-B7C9-DBE6CBB2281D}.Debug|x86.Build.0 = Debug|Win32
		{0563F518-11F1-424F-B7C9-DBE6CBB2281D}.Release|x64.ActiveCfg = Release|x64
		{0563F518-11F1-424F-B7C9-DBE6CBB2281D}.Release|x64.Build.0 = Release|x64
		{0563F518-11F1-424F-B7C9-DBE6CBB2281D}.Release|x86.ActiveCfg = Release|Win32
		{0563F518-11F1-424F-B7C9-DBE6CBB2281D}.Release|x86.Build.0 = Release|Win32
	EndGlobalSection
	GlobalSection(SolutionProperties) = preSolution
		HideSolutionNode = FALSE
	EndGlobalSection
	GlobalSection(ExtensibilityGlobals) = postSolution
		SolutionGuid = {C08D83BF-E52F-47E2-B2D4-18737F271E71}
	EndGlobalSection
EndGlobal
